// !$*UTF8*$!
{
	archiveVersion = 1;
	classes = {
	};
	objectVersion = 50;
	objects = {

/* Begin PBXBuildFile section */
		C4AFEA0320AE2D2D00777635 /* AppDelegate.swift in Sources */ = {isa = PBXBuildFile; fileRef = C4AFEA0220AE2D2D00777635 /* AppDelegate.swift */; };
		C4AFEA0820AE2D2D00777635 /* Main.storyboard in Resources */ = {isa = PBXBuildFile; fileRef = C4AFEA0620AE2D2D00777635 /* Main.storyboard */; };
		C4AFEA0A20AE2D2E00777635 /* Assets.xcassets in Resources */ = {isa = PBXBuildFile; fileRef = C4AFEA0920AE2D2E00777635 /* Assets.xcassets */; };
		C4AFEA0D20AE2D2E00777635 /* LaunchScreen.storyboard in Resources */ = {isa = PBXBuildFile; fileRef = C4AFEA0B20AE2D2E00777635 /* LaunchScreen.storyboard */; };
		C4AFEA1720AE2F1A00777635 /* Movies.swift in Sources */ = {isa = PBXBuildFile; fileRef = C4AFEA1620AE2F1A00777635 /* Movies.swift */; };
		C4AFEA1920AE30C200777635 /* HomeViewController.swift in Sources */ = {isa = PBXBuildFile; fileRef = C4AFEA1820AE30C200777635 /* HomeViewController.swift */; };
		C4AFEA1B20AE331300777635 /* TheMovieDatabaseAPI.swift in Sources */ = {isa = PBXBuildFile; fileRef = C4AFEA1A20AE331300777635 /* TheMovieDatabaseAPI.swift */; };
		C4B11CBA20F1247B004862EC /* TabBarController.swift in Sources */ = {isa = PBXBuildFile; fileRef = C4B11CB920F1247B004862EC /* TabBarController.swift */; };
		C4B11CBC20F12559004862EC /* SearchViewController.swift in Sources */ = {isa = PBXBuildFile; fileRef = C4B11CBB20F12559004862EC /* SearchViewController.swift */; };
/* End PBXBuildFile section */

/* Begin PBXFileReference section */
		C4AFE9FF20AE2D2D00777635 /* Movies.app */ = {isa = PBXFileReference; explicitFileType = wrapper.application; includeInIndex = 0; path = Movies.app; sourceTree = BUILT_PRODUCTS_DIR; };
		C4AFEA0220AE2D2D00777635 /* AppDelegate.swift */ = {isa = PBXFileReference; lastKnownFileType = sourcecode.swift; path = AppDelegate.swift; sourceTree = "<group>"; };
		C4AFEA0720AE2D2D00777635 /* Base */ = {isa = PBXFileReference; lastKnownFileType = file.storyboard; name = Base; path = Base.lproj/Main.storyboard; sourceTree = "<group>"; };
		C4AFEA0920AE2D2E00777635 /* Assets.xcassets */ = {isa = PBXFileReference; lastKnownFileType = folder.assetcatalog; path = Assets.xcassets; sourceTree = "<group>"; };
		C4AFEA0C20AE2D2E00777635 /* Base */ = {isa = PBXFileReference; lastKnownFileType = file.storyboard; name = Base; path = Base.lproj/LaunchScreen.storyboard; sourceTree = "<group>"; };
		C4AFEA0E20AE2D2E00777635 /* Info.plist */ = {isa = PBXFileReference; lastKnownFileType = text.plist.xml; path = Info.plist; sourceTree = "<group>"; };
		C4AFEA1620AE2F1A00777635 /* Movies.swift */ = {isa = PBXFileReference; lastKnownFileType = sourcecode.swift; path = Movies.swift; sourceTree = "<group>"; };
		C4AFEA1820AE30C200777635 /* HomeViewController.swift */ = {isa = PBXFileReference; lastKnownFileType = sourcecode.swift; path = HomeViewController.swift; sourceTree = "<group>"; };
		C4AFEA1A20AE331300777635 /* TheMovieDatabaseAPI.swift */ = {isa = PBXFileReference; lastKnownFileType = sourcecode.swift; path = TheMovieDatabaseAPI.swift; sourceTree = "<group>"; };
		C4B11CB920F1247B004862EC /* TabBarController.swift */ = {isa = PBXFileReference; lastKnownFileType = sourcecode.swift; path = TabBarController.swift; sourceTree = "<group>"; };
		C4B11CBB20F12559004862EC /* SearchViewController.swift */ = {isa = PBXFileReference; lastKnownFileType = sourcecode.swift; path = SearchViewController.swift; sourceTree = "<group>"; };
/* End PBXFileReference section */

/* Begin PBXFrameworksBuildPhase section */
		C4AFE9FC20AE2D2D00777635 /* Frameworks */ = {
			isa = PBXFrameworksBuildPhase;
			buildActionMask = 2147483647;
			files = (
			);
			runOnlyForDeploymentPostprocessing = 0;
		};
/* End PBXFrameworksBuildPhase section */

/* Begin PBXGroup section */
		C4AFE9F620AE2D2D00777635 = {
			isa = PBXGroup;
			children = (
				C4AFEA0120AE2D2D00777635 /* Movies */,
				C4AFEA0020AE2D2D00777635 /* Products */,
			);
			sourceTree = "<group>";
		};
		C4AFEA0020AE2D2D00777635 /* Products */ = {
			isa = PBXGroup;
			children = (
				C4AFE9FF20AE2D2D00777635 /* Movies.app */,
			);
			name = Products;
			sourceTree = "<group>";
		};
		C4AFEA0120AE2D2D00777635 /* Movies */ = {
			isa = PBXGroup;
			children = (
				C4AFEA0220AE2D2D00777635 /* AppDelegate.swift */,
				C4B11CBD20F1282E004862EC /* Controllers */,
				C4B11CBE20F1285B004862EC /* Models */,
				C4AFEA0620AE2D2D00777635 /* Main.storyboard */,
				C4AFEA0920AE2D2E00777635 /* Assets.xcassets */,
				C4AFEA0B20AE2D2E00777635 /* LaunchScreen.storyboard */,
				C4AFEA0E20AE2D2E00777635 /* Info.plist */,
			);
			path = Movies;
			sourceTree = "<group>";
		};
		C4B11CBD20F1282E004862EC /* Controllers */ = {
			isa = PBXGroup;
			children = (
				C4B11CB920F1247B004862EC /* TabBarController.swift */,
				C4AFEA1820AE30C200777635 /* HomeViewController.swift */,
				C4B11CBB20F12559004862EC /* SearchViewController.swift */,
			);
			path = Controllers;
			sourceTree = "<group>";
		};
		C4B11CBE20F1285B004862EC /* Models */ = {
			isa = PBXGroup;
			children = (
				C4AFEA1A20AE331300777635 /* TheMovieDatabaseAPI.swift */,
				C4AFEA1620AE2F1A00777635 /* Movies.swift */,
			);
			path = Models;
			sourceTree = "<group>";
		};
/* End PBXGroup section */

/* Begin PBXNativeTarget section */
		C4AFE9FE20AE2D2D00777635 /* Movies */ = {
			isa = PBXNativeTarget;
			buildConfigurationList = C4AFEA1120AE2D2E00777635 /* Build configuration list for PBXNativeTarget "Movies" */;
			buildPhases = (
				C4AFE9FB20AE2D2D00777635 /* Sources */,
				C4AFE9FC20AE2D2D00777635 /* Frameworks */,
				C4AFE9FD20AE2D2D00777635 /* Resources */,
			);
			buildRules = (
			);
			dependencies = (
			);
			name = Movies;
			productName = Movies;
			productReference = C4AFE9FF20AE2D2D00777635 /* Movies.app */;
			productType = "com.apple.product-type.application";
		};
/* End PBXNativeTarget section */

/* Begin PBXProject section */
		C4AFE9F720AE2D2D00777635 /* Project object */ = {
			isa = PBXProject;
			attributes = {
				LastSwiftUpdateCheck = 0930;
				LastUpgradeCheck = 0930;
				ORGANIZATIONNAME = "Crossley Rozario";
				TargetAttributes = {
					C4AFE9FE20AE2D2D00777635 = {
						CreatedOnToolsVersion = 9.3.1;
					};
				};
			};
			buildConfigurationList = C4AFE9FA20AE2D2D00777635 /* Build configuration list for PBXProject "Movies" */;
			compatibilityVersion = "Xcode 9.3";
			developmentRegion = en;
			hasScannedForEncodings = 0;
			knownRegions = (
				en,
				Base,
			);
			mainGroup = C4AFE9F620AE2D2D00777635;
			productRefGroup = C4AFEA0020AE2D2D00777635 /* Products */;
			projectDirPath = "";
			projectRoot = "";
			targets = (
				C4AFE9FE20AE2D2D00777635 /* Movies */,
			);
		};
/* End PBXProject section */

/* Begin PBXResourcesBuildPhase section */
		C4AFE9FD20AE2D2D00777635 /* Resources */ = {
			isa = PBXResourcesBuildPhase;
			buildActionMask = 2147483647;
			files = (
				C4AFEA0D20AE2D2E00777635 /* LaunchScreen.storyboard in Resources */,
				C4AFEA0A20AE2D2E00777635 /* Assets.xcassets in Resources */,
				C4AFEA0820AE2D2D00777635 /* Main.storyboard in Resources */,
			);
			runOnlyForDeploymentPostprocessing = 0;
		};
/* End PBXResourcesBuildPhase section */

/* Begin PBXSourcesBuildPhase section */
		C4AFE9FB20AE2D2D00777635 /* Sources */ = {
			isa = PBXSourcesBuildPhase;
			buildActionMask = 2147483647;
			files = (
				C4B11CBC20F12559004862EC /* SearchViewController.swift in Sources */,
				C4AFEA1B20AE331300777635 /* TheMovieDatabaseAPI.swift in Sources */,
				C4AFEA0320AE2D2D00777635 /* AppDelegate.swift in Sources */,
				C4AFEA1720AE2F1A00777635 /* Movies.swift in Sources */,
				C4B11CBA20F1247B004862EC /* TabBarController.swift in Sources */,
				C4AFEA1920AE30C200777635 /* HomeViewController.swift in Sources */,
			);
			runOnlyForDeploymentPostprocessing = 0;
		};
/* End PBXSourcesBuildPhase section */

/* Begin PBXVariantGroup section */
		C4AFEA0620AE2D2D00777635 /* Main.storyboard */ = {
			isa = PBXVariantGroup;
			children = (
				C4AFEA0720AE2D2D00777635 /* Base */,
			);
			name = Main.storyboard;
			sourceTree = "<group>";
		};
		C4AFEA0B20AE2D2E00777635 /* LaunchScreen.storyboard */ = {
			isa = PBXVariantGroup;
			children = (
				C4AFEA0C20AE2D2E00777635 /* Base */,
			);
			name = LaunchScreen.storyboard;
			sourceTree = "<group>";
		};
/* End PBXVariantGroup section */

/* Begin XCBuildConfiguration section */
		C4AFEA0F20AE2D2E00777635 /* Debug */ = {
			isa = XCBuildConfiguration;
			buildSettings = {
				ALWAYS_SEARCH_USER_PATHS = NO;
				CLANG_ANALYZER_NONNULL = YES;
				CLANG_ANALYZER_NUMBER_OBJECT_CONVERSION = YES_AGGRESSIVE;
				CLANG_CXX_LANGUAGE_STANDARD = "gnu++14";
				CLANG_CXX_LIBRARY = "libc++";
				CLANG_ENABLE_MODULES = YES;
				CLANG_ENABLE_OBJC_ARC = YES;
				CLANG_ENABLE_OBJC_WEAK = YES;
				CLANG_WARN_BLOCK_CAPTURE_AUTORELEASING = YES;
				CLANG_WARN_BOOL_CONVERSION = YES;
				CLANG_WARN_COMMA = YES;
				CLANG_WARN_CONSTANT_CONVERSION = YES;
				CLANG_WARN_DEPRECATED_OBJC_IMPLEMENTATIONS = YES;
				CLANG_WARN_DIRECT_OBJC_ISA_USAGE = YES_ERROR;
				CLANG_WARN_DOCUMENTATION_COMMENTS = YES;
				CLANG_WARN_EMPTY_BODY = YES;
				CLANG_WARN_ENUM_CONVERSION = YES;
				CLANG_WARN_INFINITE_RECURSION = YES;
				CLANG_WARN_INT_CONVERSION = YES;
				CLANG_WARN_NON_LITERAL_NULL_CONVERSION = YES;
				CLANG_WARN_OBJC_IMPLICIT_RETAIN_SELF = YES;
				CLANG_WARN_OBJC_LITERAL_CONVERSION = YES;
				CLANG_WARN_OBJC_ROOT_CLASS = YES_ERROR;
				CLANG_WARN_RANGE_LOOP_ANALYSIS = YES;
				CLANG_WARN_STRICT_PROTOTYPES = YES;
				CLANG_WARN_SUSPICIOUS_MOVE = YES;
				CLANG_WARN_UNGUARDED_AVAILABILITY = YES_AGGRESSIVE;
				CLANG_WARN_UNREACHABLE_CODE = YES;
				CLANG_WARN__DUPLICATE_METHOD_MATCH = YES;
				CODE_SIGN_IDENTITY = "iPhone Developer";
				COPY_PHASE_STRIP = NO;
				DEBUG_INFORMATION_FORMAT = dwarf;
				ENABLE_STRICT_OBJC_MSGSEND = YES;
				ENABLE_TESTABILITY = YES;
				GCC_C_LANGUAGE_STANDARD = gnu11;
				GCC_DYNAMIC_NO_PIC = NO;
				GCC_NO_COMMON_BLOCKS = YES;
				GCC_OPTIMIZATION_LEVEL = 0;
				GCC_PREPROCESSOR_DEFINITIONS = (
					"DEBUG=1",
					"$(inherited)",
				);
				GCC_WARN_64_TO_32_BIT_CONVERSION = YES;
				GCC_WARN_ABOUT_RETURN_TYPE = YES_ERROR;
				GCC_WARN_UNDECLARED_SELECTOR = YES;
				GCC_WARN_UNINITIALIZED_AUTOS = YES_AGGRESSIVE;
				GCC_WARN_UNUSED_FUNCTION = YES;
				GCC_WARN_UNUSED_VARIABLE = YES;
				IPHONEOS_DEPLOYMENT_TARGET = 11.3;
				MTL_ENABLE_DEBUG_INFO = YES;
				ONLY_ACTIVE_ARCH = YES;
				SDKROOT = iphoneos;
				SWIFT_ACTIVE_COMPILATION_CONDITIONS = DEBUG;
				SWIFT_OPTIMIZATION_LEVEL = "-Onone";
			};
			name = Debug;
		};
		C4AFEA1020AE2D2E00777635 /* Release */ = {
			isa = XCBuildConfiguration;
			buildSettings = {
				ALWAYS_SEARCH_USER_PATHS = NO;
				CLANG_ANALYZER_NONNULL = YES;
				CLANG_ANALYZER_NUMBER_OBJECT_CONVERSION = YES_AGGRESSIVE;
				CLANG_CXX_LANGUAGE_STANDARD = "gnu++14";
				CLANG_CXX_LIBRARY = "libc++";
				CLANG_ENABLE_MODULES = YES;
				CLANG_ENABLE_OBJC_ARC = YES;
				CLANG_ENABLE_OBJC_WEAK = YES;
				CLANG_WARN_BLOCK_CAPTURE_AUTORELEASING = YES;
				CLANG_WARN_BOOL_CONVERSION = YES;
				CLANG_WARN_COMMA = YES;
				CLANG_WARN_CONSTANT_CONVERSION = YES;
				CLANG_WARN_DEPRECATED_OBJC_IMPLEMENTATIONS = YES;
				CLANG_WARN_DIRECT_OBJC_ISA_USAGE = YES_ERROR;
				CLANG_WARN_DOCUMENTATION_COMMENTS = YES;
				CLANG_WARN_EMPTY_BODY = YES;
				CLANG_WARN_ENUM_CONVERSION = YES;
				CLANG_WARN_INFINITE_RECURSION = YES;
				CLANG_WARN_INT_CONVERSION = YES;
				CLANG_WARN_NON_LITERAL_NULL_CONVERSION = YES;
				CLANG_WARN_OBJC_IMPLICIT_RETAIN_SELF = YES;
				CLANG_WARN_OBJC_LITERAL_CONVERSION = YES;
				CLANG_WARN_OBJC_ROOT_CLASS = YES_ERROR;
				CLANG_WARN_RANGE_LOOP_ANALYSIS = YES;
				CLANG_WARN_STRICT_PROTOTYPES = YES;
				CLANG_WARN_SUSPICIOUS_MOVE = YES;
				CLANG_WARN_UNGUARDED_AVAILABILITY = YES_AGGRESSIVE;
				CLANG_WARN_UNREACHABLE_CODE = YES;
				CLANG_WARN__DUPLICATE_METHOD_MATCH = YES;
				CODE_SIGN_IDENTITY = "iPhone Developer";
				COPY_PHASE_STRIP = NO;
				DEBUG_INFORMATION_FORMAT = "dwarf-with-dsym";
				ENABLE_NS_ASSERTIONS = NO;
				ENABLE_STRICT_OBJC_MSGSEND = YES;
				GCC_C_LANGUAGE_STANDARD = gnu11;
				GCC_NO_COMMON_BLOCKS = YES;
				GCC_WARN_64_TO_32_BIT_CONVERSION = YES;
				GCC_WARN_ABOUT_RETURN_TYPE = YES_ERROR;
				GCC_WARN_UNDECLARED_SELECTOR = YES;
				GCC_WARN_UNINITIALIZED_AUTOS = YES_AGGRESSIVE;
				GCC_WARN_UNUSED_FUNCTION = YES;
				GCC_WARN_UNUSED_VARIABLE = YES;
				IPHONEOS_DEPLOYMENT_TARGET = 11.3;
				MTL_ENABLE_DEBUG_INFO = NO;
				SDKROOT = iphoneos;
				SWIFT_COMPILATION_MODE = wholemodule;
				SWIFT_OPTIMIZATION_LEVEL = "-O";
				VALIDATE_PRODUCT = YES;
			};
			name = Release;
		};
		C4AFEA1220AE2D2E00777635 /* Debug */ = {
			isa = XCBuildConfiguration;
			buildSettings = {
				ASSETCATALOG_COMPILER_APPICON_NAME = AppIcon;
				CODE_SIGN_STYLE = Automatic;
				DEVELOPMENT_TEAM = 8Y3PGK52XS;
				INFOPLIST_FILE = Movies/Info.plist;
				LD_RUNPATH_SEARCH_PATHS = (
					"$(inherited)",
					"@executable_path/Frameworks",
				);
				PRODUCT_BUNDLE_IDENTIFIER = tech.crozario.Movies;
				PRODUCT_NAME = "$(TARGET_NAME)";
				SWIFT_VERSION = 4.0;
				TARGETED_DEVICE_FAMILY = "1,2";
			};
			name = Debug;
		};
		C4AFEA1320AE2D2E00777635 /* Release */ = {
			isa = XCBuildConfiguration;
			buildSettings = {
				ASSETCATALOG_COMPILER_APPICON_NAME = AppIcon;
				CODE_SIGN_STYLE = Automatic;
				DEVELOPMENT_TEAM = 8Y3PGK52XS;
				INFOPLIST_FILE = Movies/Info.plist;
				LD_RUNPATH_SEARCH_PATHS = (
					"$(inherited)",
					"@executable_path/Frameworks",
				);
				PRODUCT_BUNDLE_IDENTIFIER = tech.crozario.Movies;
				PRODUCT_NAME = "$(TARGET_NAME)";
				SWIFT_VERSION = 4.0;
				TARGETED_DEVICE_FAMILY = "1,2";
			};
			name = Release;
		};
/* End XCBuildConfiguration section */

/* Begin XCConfigurationList section */
		C4AFE9FA20AE2D2D00777635 /* Build configuration list for PBXProject "Movies" */ = {
			isa = XCConfigurationList;
			buildConfigurations = (
				C4AFEA0F20AE2D2E00777635 /* Debug */,
				C4AFEA1020AE2D2E00777635 /* Release */,
			);
			defaultConfigurationIsVisible = 0;
			defaultConfigurationName = Release;
		};
		C4AFEA1120AE2D2E00777635 /* Build configuration list for PBXNativeTarget "Movies" */ = {
			isa = XCConfigurationList;
			buildConfigurations = (
				C4AFEA1220AE2D2E00777635 /* Debug */,
				C4AFEA1320AE2D2E00777635 /* Release */,
			);
			defaultConfigurationIsVisible = 0;
			defaultConfigurationName = Release;
		};
/* End XCConfigurationList section */
	};
	rootObject = C4AFE9F720AE2D2D00777635 /* Project object */;
}
